// !$*UTF8*$!
{
	archiveVersion = 1;
	classes = {
	};
	objectVersion = 50;
	objects = {

/* Begin PBXBuildFile section */
		EDCB9EDF2283660000BDC6E1 /* AppDelegate.m in Sources */ = {isa = PBXBuildFile; fileRef = EDCB9EDE2283660000BDC6E1 /* AppDelegate.m */; };
		EDCB9EE22283660000BDC6E1 /* ViewController.m in Sources */ = {isa = PBXBuildFile; fileRef = EDCB9EE12283660000BDC6E1 /* ViewController.m */; };
		EDCB9EE52283660000BDC6E1 /* Main.storyboard in Resources */ = {isa = PBXBuildFile; fileRef = EDCB9EE32283660000BDC6E1 /* Main.storyboard */; };
		EDCB9EE72283660100BDC6E1 /* Assets.xcassets in Resources */ = {isa = PBXBuildFile; fileRef = EDCB9EE62283660100BDC6E1 /* Assets.xcassets */; };
		EDCB9EEA2283660100BDC6E1 /* LaunchScreen.storyboard in Resources */ = {isa = PBXBuildFile; fileRef = EDCB9EE82283660100BDC6E1 /* LaunchScreen.storyboard */; };
		EDCB9EED2283660100BDC6E1 /* main.m in Sources */ = {isa = PBXBuildFile; fileRef = EDCB9EEC2283660100BDC6E1 /* main.m */; };
		EDCB9F022283664900BDC6E1 /* mysterious_lake.jpg in Resources */ = {isa = PBXBuildFile; fileRef = EDCB9EF32283664800BDC6E1 /* mysterious_lake.jpg */; };
		EDCB9F032283664900BDC6E1 /* bathroom.jpg in Resources */ = {isa = PBXBuildFile; fileRef = EDCB9EF42283664800BDC6E1 /* bathroom.jpg */; };
		EDCB9F042283664900BDC6E1 /* stairs_up.jpg in Resources */ = {isa = PBXBuildFile; fileRef = EDCB9EF52283664800BDC6E1 /* stairs_up.jpg */; };
		EDCB9F052283664900BDC6E1 /* labratory.jpg in Resources */ = {isa = PBXBuildFile; fileRef = EDCB9EF62283664800BDC6E1 /* labratory.jpg */; };
		EDCB9F062283664900BDC6E1 /* secret_passage.jpg in Resources */ = {isa = PBXBuildFile; fileRef = EDCB9EF72283664800BDC6E1 /* secret_passage.jpg */; };
		EDCB9F072283664900BDC6E1 /* bedroom.jpg in Resources */ = {isa = PBXBuildFile; fileRef = EDCB9EF82283664800BDC6E1 /* bedroom.jpg */; };
		EDCB9F082283664900BDC6E1 /* generator.jpg in Resources */ = {isa = PBXBuildFile; fileRef = EDCB9EF92283664800BDC6E1 /* generator.jpg */; };
		EDCB9F092283664900BDC6E1 /* library.jpg in Resources */ = {isa = PBXBuildFile; fileRef = EDCB9EFA2283664800BDC6E1 /* library.jpg */; };
		EDCB9F0A2283664900BDC6E1 /* dining_room.jpg in Resources */ = {isa = PBXBuildFile; fileRef = EDCB9EFB2283664800BDC6E1 /* dining_room.jpg */; };
		EDCB9F0B2283664900BDC6E1 /* back_porch.jpg in Resources */ = {isa = PBXBuildFile; fileRef = EDCB9EFC2283664900BDC6E1 /* back_porch.jpg */; };
		EDCB9F0C2283664900BDC6E1 /* cursed_chalice.jpg in Resources */ = {isa = PBXBuildFile; fileRef = EDCB9EFD2283664900BDC6E1 /* cursed_chalice.jpg */; };
		EDCB9F0D2283664900BDC6E1 /* coat_room.jpg in Resources */ = {isa = PBXBuildFile; fileRef = EDCB9EFE2283664900BDC6E1 /* coat_room.jpg */; };
		EDCB9F0E2283664900BDC6E1 /* dungeon.jpg in Resources */ = {isa = PBXBuildFile; fileRef = EDCB9EFF2283664900BDC6E1 /* dungeon.jpg */; };
		EDCB9F0F2283664900BDC6E1 /* front_door.jpg in Resources */ = {isa = PBXBuildFile; fileRef = EDCB9F002283664900BDC6E1 /* front_door.jpg */; };
		EDCB9F102283664900BDC6E1 /* kitchen.jpg in Resources */ = {isa = PBXBuildFile; fileRef = EDCB9F012283664900BDC6E1 /* kitchen.jpg */; };
		EDCB9F1322836E0A00BDC6E1 /* SubViewController.m in Sources */ = {isa = PBXBuildFile; fileRef = EDCB9F1222836E0A00BDC6E1 /* SubViewController.m */; };
/* End PBXBuildFile section */

/* Begin PBXFileReference section */
		EDCB9EDA2283660000BDC6E1 /* EnteringAHouse.app */ = {isa = PBXFileReference; explicitFileType = wrapper.application; includeInIndex = 0; path = EnteringAHouse.app; sourceTree = BUILT_PRODUCTS_DIR; };
		EDCB9EDD2283660000BDC6E1 /* AppDelegate.h */ = {isa = PBXFileReference; lastKnownFileType = sourcecode.c.h; path = AppDelegate.h; sourceTree = "<group>"; };
		EDCB9EDE2283660000BDC6E1 /* AppDelegate.m */ = {isa = PBXFileReference; lastKnownFileType = sourcecode.c.objc; path = AppDelegate.m; sourceTree = "<group>"; };
		EDCB9EE02283660000BDC6E1 /* ViewController.h */ = {isa = PBXFileReference; lastKnownFileType = sourcecode.c.h; path = ViewController.h; sourceTree = "<group>"; };
		EDCB9EE12283660000BDC6E1 /* ViewController.m */ = {isa = PBXFileReference; lastKnownFileType = sourcecode.c.objc; path = ViewController.m; sourceTree = "<group>"; };
		EDCB9EE42283660000BDC6E1 /* Base */ = {isa = PBXFileReference; lastKnownFileType = file.storyboard; name = Base; path = Base.lproj/Main.storyboard; sourceTree = "<group>"; };
		EDCB9EE62283660100BDC6E1 /* Assets.xcassets */ = {isa = PBXFileReference; lastKnownFileType = folder.assetcatalog; path = Assets.xcassets; sourceTree = "<group>"; };
		EDCB9EE92283660100BDC6E1 /* Base */ = {isa = PBXFileReference; lastKnownFileType = file.storyboard; name = Base; path = Base.lproj/LaunchScreen.storyboard; sourceTree = "<group>"; };
		EDCB9EEB2283660100BDC6E1 /* Info.plist */ = {isa = PBXFileReference; lastKnownFileType = text.plist.xml; path = Info.plist; sourceTree = "<group>"; };
		EDCB9EEC2283660100BDC6E1 /* main.m */ = {isa = PBXFileReference; lastKnownFileType = sourcecode.c.objc; path = main.m; sourceTree = "<group>"; };
		EDCB9EF32283664800BDC6E1 /* mysterious_lake.jpg */ = {isa = PBXFileReference; lastKnownFileType = image.jpeg; path = mysterious_lake.jpg; sourceTree = "<group>"; };
		EDCB9EF42283664800BDC6E1 /* bathroom.jpg */ = {isa = PBXFileReference; lastKnownFileType = image.jpeg; path = bathroom.jpg; sourceTree = "<group>"; };
		EDCB9EF52283664800BDC6E1 /* stairs_up.jpg */ = {isa = PBXFileReference; lastKnownFileType = image.jpeg; path = stairs_up.jpg; sourceTree = "<group>"; };
		EDCB9EF62283664800BDC6E1 /* labratory.jpg */ = {isa = PBXFileReference; lastKnownFileType = image.jpeg; path = labratory.jpg; sourceTree = "<group>"; };
		EDCB9EF72283664800BDC6E1 /* secret_passage.jpg */ = {isa = PBXFileReference; lastKnownFileType = image.jpeg; path = secret_passage.jpg; sourceTree = "<group>"; };
		EDCB9EF82283664800BDC6E1 /* bedroom.jpg */ = {isa = PBXFileReference; lastKnownFileType = image.jpeg; path = bedroom.jpg; sourceTree = "<group>"; };
		EDCB9EF92283664800BDC6E1 /* generator.jpg */ = {isa = PBXFileReference; lastKnownFileType = image.jpeg; path = generator.jpg; sourceTree = "<group>"; };
		EDCB9EFA2283664800BDC6E1 /* library.jpg */ = {isa = PBXFileReference; lastKnownFileType = image.jpeg; path = library.jpg; sourceTree = "<group>"; };
		EDCB9EFB2283664800BDC6E1 /* dining_room.jpg */ = {isa = PBXFileReference; lastKnownFileType = image.jpeg; path = dining_room.jpg; sourceTree = "<group>"; };
		EDCB9EFC2283664900BDC6E1 /* back_porch.jpg */ = {isa = PBXFileReference; lastKnownFileType = image.jpeg; path = back_porch.jpg; sourceTree = "<group>"; };
		EDCB9EFD2283664900BDC6E1 /* cursed_chalice.jpg */ = {isa = PBXFileReference; lastKnownFileType = image.jpeg; path = cursed_chalice.jpg; sourceTree = "<group>"; };
		EDCB9EFE2283664900BDC6E1 /* coat_room.jpg */ = {isa = PBXFileReference; lastKnownFileType = image.jpeg; path = coat_room.jpg; sourceTree = "<group>"; };
		EDCB9EFF2283664900BDC6E1 /* dungeon.jpg */ = {isa = PBXFileReference; lastKnownFileType = image.jpeg; path = dungeon.jpg; sourceTree = "<group>"; };
		EDCB9F002283664900BDC6E1 /* front_door.jpg */ = {isa = PBXFileReference; lastKnownFileType = image.jpeg; path = front_door.jpg; sourceTree = "<group>"; };
		EDCB9F012283664900BDC6E1 /* kitchen.jpg */ = {isa = PBXFileReference; lastKnownFileType = image.jpeg; path = kitchen.jpg; sourceTree = "<group>"; };
		EDCB9F1122836E0A00BDC6E1 /* SubViewController.h */ = {isa = PBXFileReference; lastKnownFileType = sourcecode.c.h; path = SubViewController.h; sourceTree = "<group>"; };
		EDCB9F1222836E0A00BDC6E1 /* SubViewController.m */ = {isa = PBXFileReference; lastKnownFileType = sourcecode.c.objc; path = SubViewController.m; sourceTree = "<group>"; };
/* End PBXFileReference section */

/* Begin PBXFrameworksBuildPhase section */
		EDCB9ED72283660000BDC6E1 /* Frameworks */ = {
			isa = PBXFrameworksBuildPhase;
			buildActionMask = 2147483647;
			files = (
			);
			runOnlyForDeploymentPostprocessing = 0;
		};
/* End PBXFrameworksBuildPhase section */

/* Begin PBXGroup section */
		EDCB9ED12283660000BDC6E1 = {
			isa = PBXGroup;
			children = (
				EDCB9EDC2283660000BDC6E1 /* EnteringAHouse */,
				EDCB9EDB2283660000BDC6E1 /* Products */,
			);
			sourceTree = "<group>";
		};
		EDCB9EDB2283660000BDC6E1 /* Products */ = {
			isa = PBXGroup;
			children = (
				EDCB9EDA2283660000BDC6E1 /* EnteringAHouse.app */,
			);
			name = Products;
			sourceTree = "<group>";
		};
		EDCB9EDC2283660000BDC6E1 /* EnteringAHouse */ = {
			isa = PBXGroup;
			children = (
				EDCB9EDD2283660000BDC6E1 /* AppDelegate.h */,
				EDCB9EDE2283660000BDC6E1 /* AppDelegate.m */,
				EDCB9EE02283660000BDC6E1 /* ViewController.h */,
				EDCB9EE12283660000BDC6E1 /* ViewController.m */,
				EDCB9F1122836E0A00BDC6E1 /* SubViewController.h */,
				EDCB9F1222836E0A00BDC6E1 /* SubViewController.m */,
				EDCB9EE32283660000BDC6E1 /* Main.storyboard */,
				EDCB9EE62283660100BDC6E1 /* Assets.xcassets */,
				EDCB9EFC2283664900BDC6E1 /* back_porch.jpg */,
				EDCB9EF42283664800BDC6E1 /* bathroom.jpg */,
				EDCB9EF82283664800BDC6E1 /* bedroom.jpg */,
				EDCB9EFE2283664900BDC6E1 /* coat_room.jpg */,
				EDCB9EFD2283664900BDC6E1 /* cursed_chalice.jpg */,
				EDCB9EFB2283664800BDC6E1 /* dining_room.jpg */,
				EDCB9EFF2283664900BDC6E1 /* dungeon.jpg */,
				EDCB9F002283664900BDC6E1 /* front_door.jpg */,
				EDCB9EF92283664800BDC6E1 /* generator.jpg */,
				EDCB9F012283664900BDC6E1 /* kitchen.jpg */,
				EDCB9EF62283664800BDC6E1 /* labratory.jpg */,
				EDCB9EFA2283664800BDC6E1 /* library.jpg */,
				EDCB9EF32283664800BDC6E1 /* mysterious_lake.jpg */,
				EDCB9EF72283664800BDC6E1 /* secret_passage.jpg */,
				EDCB9EF52283664800BDC6E1 /* stairs_up.jpg */,
				EDCB9EE82283660100BDC6E1 /* LaunchScreen.storyboard */,
				EDCB9EEB2283660100BDC6E1 /* Info.plist */,
				EDCB9EEC2283660100BDC6E1 /* main.m */,
			);
			path = EnteringAHouse;
			sourceTree = "<group>";
		};
/* End PBXGroup section */

/* Begin PBXNativeTarget section */
		EDCB9ED92283660000BDC6E1 /* EnteringAHouse */ = {
			isa = PBXNativeTarget;
			buildConfigurationList = EDCB9EF02283660100BDC6E1 /* Build configuration list for PBXNativeTarget "EnteringAHouse" */;
			buildPhases = (
				EDCB9ED62283660000BDC6E1 /* Sources */,
				EDCB9ED72283660000BDC6E1 /* Frameworks */,
				EDCB9ED82283660000BDC6E1 /* Resources */,
			);
			buildRules = (
			);
			dependencies = (
			);
			name = EnteringAHouse;
			productName = EnteringAHouse;
			productReference = EDCB9EDA2283660000BDC6E1 /* EnteringAHouse.app */;
			productType = "com.apple.product-type.application";
		};
/* End PBXNativeTarget section */

/* Begin PBXProject section */
		EDCB9ED22283660000BDC6E1 /* Project object */ = {
			isa = PBXProject;
			attributes = {
				LastUpgradeCheck = 1020;
				ORGANIZATIONNAME = "Dayson Dong";
				TargetAttributes = {
					EDCB9ED92283660000BDC6E1 = {
						CreatedOnToolsVersion = 10.2.1;
					};
				};
			};
			buildConfigurationList = EDCB9ED52283660000BDC6E1 /* Build configuration list for PBXProject "EnteringAHouse" */;
			compatibilityVersion = "Xcode 9.3";
			developmentRegion = en;
			hasScannedForEncodings = 0;
			knownRegions = (
				en,
				Base,
			);
			mainGroup = EDCB9ED12283660000BDC6E1;
			productRefGroup = EDCB9EDB2283660000BDC6E1 /* Products */;
			projectDirPath = "";
			projectRoot = "";
			targets = (
				EDCB9ED92283660000BDC6E1 /* EnteringAHouse */,
			);
		};
/* End PBXProject section */

/* Begin PBXResourcesBuildPhase section */
		EDCB9ED82283660000BDC6E1 /* Resources */ = {
			isa = PBXResourcesBuildPhase;
			buildActionMask = 2147483647;
			files = (
				EDCB9F0B2283664900BDC6E1 /* back_porch.jpg in Resources */,
				EDCB9F0C2283664900BDC6E1 /* cursed_chalice.jpg in Resources */,
				EDCB9F0D2283664900BDC6E1 /* coat_room.jpg in Resources */,
				EDCB9F042283664900BDC6E1 /* stairs_up.jpg in Resources */,
				EDCB9F052283664900BDC6E1 /* labratory.jpg in Resources */,
				EDCB9F092283664900BDC6E1 /* library.jpg in Resources */,
				EDCB9F062283664900BDC6E1 /* secret_passage.jpg in Resources */,
				EDCB9EEA2283660100BDC6E1 /* LaunchScreen.storyboard in Resources */,
				EDCB9EE72283660100BDC6E1 /* Assets.xcassets in Resources */,
				EDCB9F022283664900BDC6E1 /* mysterious_lake.jpg in Resources */,
				EDCB9F0E2283664900BDC6E1 /* dungeon.jpg in Resources */,
				EDCB9F0A2283664900BDC6E1 /* dining_room.jpg in Resources */,
				EDCB9F0F2283664900BDC6E1 /* front_door.jpg in Resources */,
				EDCB9EE52283660000BDC6E1 /* Main.storyboard in Resources */,
				EDCB9F072283664900BDC6E1 /* bedroom.jpg in Resources */,
				EDCB9F032283664900BDC6E1 /* bathroom.jpg in Resources */,
				EDCB9F102283664900BDC6E1 /* kitchen.jpg in Resources */,
				EDCB9F082283664900BDC6E1 /* generator.jpg in Resources */,
			);
			runOnlyForDeploymentPostprocessing = 0;
		};
/* End PBXResourcesBuildPhase section */

/* Begin PBXSourcesBuildPhase section */
		EDCB9ED62283660000BDC6E1 /* Sources */ = {
			isa = PBXSourcesBuildPhase;
			buildActionMask = 2147483647;
			files = (
				EDCB9EE22283660000BDC6E1 /* ViewController.m in Sources */,
				EDCB9EED2283660100BDC6E1 /* main.m in Sources */,
				EDCB9EDF2283660000BDC6E1 /* AppDelegate.m in Sources */,
				EDCB9F1322836E0A00BDC6E1 /* SubViewController.m in Sources */,
			);
			runOnlyForDeploymentPostprocessing = 0;
		};
/* End PBXSourcesBuildPhase section */

/* Begin PBXVariantGroup section */
		EDCB9EE32283660000BDC6E1 /* Main.storyboard */ = {
			isa = PBXVariantGroup;
			children = (
				EDCB9EE42283660000BDC6E1 /* Base */,
			);
			name = Main.storyboard;
			sourceTree = "<group>";
		};
		EDCB9EE82283660100BDC6E1 /* LaunchScreen.storyboard */ = {
			isa = PBXVariantGroup;
			children = (
				EDCB9EE92283660100BDC6E1 /* Base */,
			);
			name = LaunchScreen.storyboard;
			sourceTree = "<group>";
		};
/* End PBXVariantGroup section */

/* Begin XCBuildConfiguration section */
		EDCB9EEE2283660100BDC6E1 /* Debug */ = {
			isa = XCBuildConfiguration;
			buildSettings = {
				ALWAYS_SEARCH_USER_PATHS = NO;
				CLANG_ANALYZER_NONNULL = YES;
				CLANG_ANALYZER_NUMBER_OBJECT_CONVERSION = YES_AGGRESSIVE;
				CLANG_CXX_LANGUAGE_STANDARD = "gnu++14";
				CLANG_CXX_LIBRARY = "libc++";
				CLANG_ENABLE_MODULES = YES;
				CLANG_ENABLE_OBJC_ARC = YES;
				CLANG_ENABLE_OBJC_WEAK = YES;
				CLANG_WARN_BLOCK_CAPTURE_AUTORELEASING = YES;
				CLANG_WARN_BOOL_CONVERSION = YES;
				CLANG_WARN_COMMA = YES;
				CLANG_WARN_CONSTANT_CONVERSION = YES;
				CLANG_WARN_DEPRECATED_OBJC_IMPLEMENTATIONS = YES;
				CLANG_WARN_DIRECT_OBJC_ISA_USAGE = YES_ERROR;
				CLANG_WARN_DOCUMENTATION_COMMENTS = YES;
				CLANG_WARN_EMPTY_BODY = YES;
				CLANG_WARN_ENUM_CONVERSION = YES;
				CLANG_WARN_INFINITE_RECURSION = YES;
				CLANG_WARN_INT_CONVERSION = YES;
				CLANG_WARN_NON_LITERAL_NULL_CONVERSION = YES;
				CLANG_WARN_OBJC_IMPLICIT_RETAIN_SELF = YES;
				CLANG_WARN_OBJC_LITERAL_CONVERSION = YES;
				CLANG_WARN_OBJC_ROOT_CLASS = YES_ERROR;
				CLANG_WARN_RANGE_LOOP_ANALYSIS = YES;
				CLANG_WARN_STRICT_PROTOTYPES = YES;
				CLANG_WARN_SUSPICIOUS_MOVE = YES;
				CLANG_WARN_UNGUARDED_AVAILABILITY = YES_AGGRESSIVE;
				CLANG_WARN_UNREACHABLE_CODE = YES;
				CLANG_WARN__DUPLICATE_METHOD_MATCH = YES;
				CODE_SIGN_IDENTITY = "iPhone Developer";
				COPY_PHASE_STRIP = NO;
				DEBUG_INFORMATION_FORMAT = dwarf;
				ENABLE_STRICT_OBJC_MSGSEND = YES;
				ENABLE_TESTABILITY = YES;
				GCC_C_LANGUAGE_STANDARD = gnu11;
				GCC_DYNAMIC_NO_PIC = NO;
				GCC_NO_COMMON_BLOCKS = YES;
				GCC_OPTIMIZATION_LEVEL = 0;
				GCC_PREPROCESSOR_DEFINITIONS = (
					"DEBUG=1",
					"$(inherited)",
				);
				GCC_WARN_64_TO_32_BIT_CONVERSION = YES;
				GCC_WARN_ABOUT_RETURN_TYPE = YES_ERROR;
				GCC_WARN_UNDECLARED_SELECTOR = YES;
				GCC_WARN_UNINITIALIZED_AUTOS = YES_AGGRESSIVE;
				GCC_WARN_UNUSED_FUNCTION = YES;
				GCC_WARN_UNUSED_VARIABLE = YES;
				IPHONEOS_DEPLOYMENT_TARGET = 12.2;
				MTL_ENABLE_DEBUG_INFO = INCLUDE_SOURCE;
				MTL_FAST_MATH = YES;
				ONLY_ACTIVE_ARCH = YES;
				SDKROOT = iphoneos;
			};
			name = Debug;
		};
		EDCB9EEF2283660100BDC6E1 /* Release */ = {
			isa = XCBuildConfiguration;
			buildSettings = {
				ALWAYS_SEARCH_USER_PATHS = NO;
				CLANG_ANALYZER_NONNULL = YES;
				CLANG_ANALYZER_NUMBER_OBJECT_CONVERSION = YES_AGGRESSIVE;
				CLANG_CXX_LANGUAGE_STANDARD = "gnu++14";
				CLANG_CXX_LIBRARY = "libc++";
				CLANG_ENABLE_MODULES = YES;
				CLANG_ENABLE_OBJC_ARC = YES;
				CLANG_ENABLE_OBJC_WEAK = YES;
				CLANG_WARN_BLOCK_CAPTURE_AUTORELEASING = YES;
				CLANG_WARN_BOOL_CONVERSION = YES;
				CLANG_WARN_COMMA = YES;
				CLANG_WARN_CONSTANT_CONVERSION = YES;
				CLANG_WARN_DEPRECATED_OBJC_IMPLEMENTATIONS = YES;
				CLANG_WARN_DIRECT_OBJC_ISA_USAGE = YES_ERROR;
				CLANG_WARN_DOCUMENTATION_COMMENTS = YES;
				CLANG_WARN_EMPTY_BODY = YES;
				CLANG_WARN_ENUM_CONVERSION = YES;
				CLANG_WARN_INFINITE_RECURSION = YES;
				CLANG_WARN_INT_CONVERSION = YES;
				CLANG_WARN_NON_LITERAL_NULL_CONVERSION = YES;
				CLANG_WARN_OBJC_IMPLICIT_RETAIN_SELF = YES;
				CLANG_WARN_OBJC_LITERAL_CONVERSION = YES;
				CLANG_WARN_OBJC_ROOT_CLASS = YES_ERROR;
				CLANG_WARN_RANGE_LOOP_ANALYSIS = YES;
				CLANG_WARN_STRICT_PROTOTYPES = YES;
				CLANG_WARN_SUSPICIOUS_MOVE = YES;
				CLANG_WARN_UNGUARDED_AVAILABILITY = YES_AGGRESSIVE;
				CLANG_WARN_UNREACHABLE_CODE = YES;
				CLANG_WARN__DUPLICATE_METHOD_MATCH = YES;
				CODE_SIGN_IDENTITY = "iPhone Developer";
				COPY_PHASE_STRIP = NO;
				DEBUG_INFORMATION_FORMAT = "dwarf-with-dsym";
				ENABLE_NS_ASSERTIONS = NO;
				ENABLE_STRICT_OBJC_MSGSEND = YES;
				GCC_C_LANGUAGE_STANDARD = gnu11;
				GCC_NO_COMMON_BLOCKS = YES;
				GCC_WARN_64_TO_32_BIT_CONVERSION = YES;
				GCC_WARN_ABOUT_RETURN_TYPE = YES_ERROR;
				GCC_WARN_UNDECLARED_SELECTOR = YES;
				GCC_WARN_UNINITIALIZED_AUTOS = YES_AGGRESSIVE;
				GCC_WARN_UNUSED_FUNCTION = YES;
				GCC_WARN_UNUSED_VARIABLE = YES;
				IPHONEOS_DEPLOYMENT_TARGET = 12.2;
				MTL_ENABLE_DEBUG_INFO = NO;
				MTL_FAST_MATH = YES;
				SDKROOT = iphoneos;
				VALIDATE_PRODUCT = YES;
			};
			name = Release;
		};
		EDCB9EF12283660100BDC6E1 /* Debug */ = {
			isa = XCBuildConfiguration;
			buildSettings = {
				ASSETCATALOG_COMPILER_APPICON_NAME = AppIcon;
				CODE_SIGN_STYLE = Automatic;
				DEVELOPMENT_TEAM = D2VZ8N8LJC;
				INFOPLIST_FILE = EnteringAHouse/Info.plist;
				LD_RUNPATH_SEARCH_PATHS = (
					"$(inherited)",
					"@executable_path/Frameworks",
				);
				PRODUCT_BUNDLE_IDENTIFIER = com.dsn.EnteringAHouse;
				PRODUCT_NAME = "$(TARGET_NAME)";
				TARGETED_DEVICE_FAMILY = "1,2";
			};
			name = Debug;
		};
		EDCB9EF22283660100BDC6E1 /* Release */ = {
			isa = XCBuildConfiguration;
			buildSettings = {
				ASSETCATALOG_COMPILER_APPICON_NAME = AppIcon;
				CODE_SIGN_STYLE = Automatic;
				DEVELOPMENT_TEAM = D2VZ8N8LJC;
				INFOPLIST_FILE = EnteringAHouse/Info.plist;
				LD_RUNPATH_SEARCH_PATHS = (
					"$(inherited)",
					"@executable_path/Frameworks",
				);
				PRODUCT_BUNDLE_IDENTIFIER = com.dsn.EnteringAHouse;
				PRODUCT_NAME = "$(TARGET_NAME)";
				TARGETED_DEVICE_FAMILY = "1,2";
			};
			name = Release;
		};
/* End XCBuildConfiguration section */

/* Begin XCConfigurationList section */
		EDCB9ED52283660000BDC6E1 /* Build configuration list for PBXProject "EnteringAHouse" */ = {
			isa = XCConfigurationList;
			buildConfigurations = (
				EDCB9EEE2283660100BDC6E1 /* Debug */,
				EDCB9EEF2283660100BDC6E1 /* Release */,
			);
			defaultConfigurationIsVisible = 0;
			defaultConfigurationName = Release;
		};
		EDCB9EF02283660100BDC6E1 /* Build configuration list for PBXNativeTarget "EnteringAHouse" */ = {
			isa = XCConfigurationList;
			buildConfigurations = (
				EDCB9EF12283660100BDC6E1 /* Debug */,
				EDCB9EF22283660100BDC6E1 /* Release */,
			);
			defaultConfigurationIsVisible = 0;
			defaultConfigurationName = Release;
		};
/* End XCConfigurationList section */
	};
	rootObject = EDCB9ED22283660000BDC6E1 /* Project object */;
}
